// !$*UTF8*$!
{
	archiveVersion = 1;
	classes = {
	};
	objectVersion = 56;
	objects = {

/* Begin PBXBuildFile section */
		DF50654C290E9607000AF289 /* AppDelegate.swift in Sources */ = {isa = PBXBuildFile; fileRef = DF50654B290E9607000AF289 /* AppDelegate.swift */; };
		DF50654E290E9607000AF289 /* SceneDelegate.swift in Sources */ = {isa = PBXBuildFile; fileRef = DF50654D290E9607000AF289 /* SceneDelegate.swift */; };
		DF506550290E9607000AF289 /* ViewController.swift in Sources */ = {isa = PBXBuildFile; fileRef = DF50654F290E9607000AF289 /* ViewController.swift */; };
		DF506553290E9607000AF289 /* Main.storyboard in Resources */ = {isa = PBXBuildFile; fileRef = DF506551290E9607000AF289 /* Main.storyboard */; };
		DF506556290E9607000AF289 /* Exitek_iOS_Developer_Tech_Task.xcdatamodeld in Sources */ = {isa = PBXBuildFile; fileRef = DF506554290E9607000AF289 /* Exitek_iOS_Developer_Tech_Task.xcdatamodeld */; };
		DF506558290E9608000AF289 /* Assets.xcassets in Resources */ = {isa = PBXBuildFile; fileRef = DF506557290E9608000AF289 /* Assets.xcassets */; };
		DF50655B290E9608000AF289 /* LaunchScreen.storyboard in Resources */ = {isa = PBXBuildFile; fileRef = DF506559290E9608000AF289 /* LaunchScreen.storyboard */; };
		DF506563290E9675000AF289 /* Solution.swift in Sources */ = {isa = PBXBuildFile; fileRef = DF506562290E9675000AF289 /* Solution.swift */; };
/* End PBXBuildFile section */

/* Begin PBXFileReference section */
		DF506548290E9607000AF289 /* Exitek iOS Developer Tech Task.app */ = {isa = PBXFileReference; explicitFileType = wrapper.application; includeInIndex = 0; path = "Exitek iOS Developer Tech Task.app"; sourceTree = BUILT_PRODUCTS_DIR; };
		DF50654B290E9607000AF289 /* AppDelegate.swift */ = {isa = PBXFileReference; lastKnownFileType = sourcecode.swift; path = AppDelegate.swift; sourceTree = "<group>"; };
		DF50654D290E9607000AF289 /* SceneDelegate.swift */ = {isa = PBXFileReference; lastKnownFileType = sourcecode.swift; path = SceneDelegate.swift; sourceTree = "<group>"; };
		DF50654F290E9607000AF289 /* ViewController.swift */ = {isa = PBXFileReference; lastKnownFileType = sourcecode.swift; path = ViewController.swift; sourceTree = "<group>"; };
		DF506552290E9607000AF289 /* Base */ = {isa = PBXFileReference; lastKnownFileType = file.storyboard; name = Base; path = Base.lproj/Main.storyboard; sourceTree = "<group>"; };
		DF506555290E9607000AF289 /* Exitek_iOS_Developer_Tech_Task.xcdatamodel */ = {isa = PBXFileReference; lastKnownFileType = wrapper.xcdatamodel; path = Exitek_iOS_Developer_Tech_Task.xcdatamodel; sourceTree = "<group>"; };
		DF506557290E9608000AF289 /* Assets.xcassets */ = {isa = PBXFileReference; lastKnownFileType = folder.assetcatalog; path = Assets.xcassets; sourceTree = "<group>"; };
		DF50655A290E9608000AF289 /* Base */ = {isa = PBXFileReference; lastKnownFileType = file.storyboard; name = Base; path = Base.lproj/LaunchScreen.storyboard; sourceTree = "<group>"; };
		DF50655C290E9608000AF289 /* Info.plist */ = {isa = PBXFileReference; lastKnownFileType = text.plist.xml; path = Info.plist; sourceTree = "<group>"; };
		DF506562290E9675000AF289 /* Solution.swift */ = {isa = PBXFileReference; lastKnownFileType = sourcecode.swift; path = Solution.swift; sourceTree = "<group>"; };
/* End PBXFileReference section */

/* Begin PBXFrameworksBuildPhase section */
		DF506545290E9607000AF289 /* Frameworks */ = {
			isa = PBXFrameworksBuildPhase;
			buildActionMask = 2147483647;
			files = (
			);
			runOnlyForDeploymentPostprocessing = 0;
		};
/* End PBXFrameworksBuildPhase section */

/* Begin PBXGroup section */
		DF50653F290E9607000AF289 = {
			isa = PBXGroup;
			children = (
				DF50654A290E9607000AF289 /* Exitek iOS Developer Tech Task */,
				DF506549290E9607000AF289 /* Products */,
			);
			sourceTree = "<group>";
		};
		DF506549290E9607000AF289 /* Products */ = {
			isa = PBXGroup;
			children = (
				DF506548290E9607000AF289 /* Exitek iOS Developer Tech Task.app */,
			);
			name = Products;
			sourceTree = "<group>";
		};
		DF50654A290E9607000AF289 /* Exitek iOS Developer Tech Task */ = {
			isa = PBXGroup;
			children = (
				DF50654B290E9607000AF289 /* AppDelegate.swift */,
				DF50654D290E9607000AF289 /* SceneDelegate.swift */,
				DF50654F290E9607000AF289 /* ViewController.swift */,
				DF506551290E9607000AF289 /* Main.storyboard */,
				DF506557290E9608000AF289 /* Assets.xcassets */,
				DF506559290E9608000AF289 /* LaunchScreen.storyboard */,
				DF50655C290E9608000AF289 /* Info.plist */,
				DF506554290E9607000AF289 /* Exitek_iOS_Developer_Tech_Task.xcdatamodeld */,
				DF506562290E9675000AF289 /* Solution.swift */,
			);
			path = "Exitek iOS Developer Tech Task";
			sourceTree = "<group>";
		};
/* End PBXGroup section */

/* Begin PBXNativeTarget section */
		DF506547290E9607000AF289 /* Exitek iOS Developer Tech Task */ = {
			isa = PBXNativeTarget;
			buildConfigurationList = DF50655F290E9608000AF289 /* Build configuration list for PBXNativeTarget "Exitek iOS Developer Tech Task" */;
			buildPhases = (
				DF506544290E9607000AF289 /* Sources */,
				DF506545290E9607000AF289 /* Frameworks */,
				DF506546290E9607000AF289 /* Resources */,
			);
			buildRules = (
			);
			dependencies = (
			);
			name = "Exitek iOS Developer Tech Task";
			productName = "Exitek iOS Developer Tech Task";
			productReference = DF506548290E9607000AF289 /* Exitek iOS Developer Tech Task.app */;
			productType = "com.apple.product-type.application";
		};
/* End PBXNativeTarget section */

/* Begin PBXProject section */
		DF506540290E9607000AF289 /* Project object */ = {
			isa = PBXProject;
			attributes = {
				BuildIndependentTargetsInParallel = 1;
				LastSwiftUpdateCheck = 1400;
				LastUpgradeCheck = 1400;
				TargetAttributes = {
					DF506547290E9607000AF289 = {
						CreatedOnToolsVersion = 14.0.1;
					};
				};
			};
			buildConfigurationList = DF506543290E9607000AF289 /* Build configuration list for PBXProject "Exitek iOS Developer Tech Task" */;
			compatibilityVersion = "Xcode 14.0";
			developmentRegion = en;
			hasScannedForEncodings = 0;
			knownRegions = (
				en,
				Base,
			);
			mainGroup = DF50653F290E9607000AF289;
			productRefGroup = DF506549290E9607000AF289 /* Products */;
			projectDirPath = "";
			projectRoot = "";
			targets = (
				DF506547290E9607000AF289 /* Exitek iOS Developer Tech Task */,
			);
		};
/* End PBXProject section */

/* Begin PBXResourcesBuildPhase section */
		DF506546290E9607000AF289 /* Resources */ = {
			isa = PBXResourcesBuildPhase;
			buildActionMask = 2147483647;
			files = (
				DF50655B290E9608000AF289 /* LaunchScreen.storyboard in Resources */,
				DF506558290E9608000AF289 /* Assets.xcassets in Resources */,
				DF506553290E9607000AF289 /* Main.storyboard in Resources */,
			);
			runOnlyForDeploymentPostprocessing = 0;
		};
/* End PBXResourcesBuildPhase section */

/* Begin PBXSourcesBuildPhase section */
		DF506544290E9607000AF289 /* Sources */ = {
			isa = PBXSourcesBuildPhase;
			buildActionMask = 2147483647;
			files = (
				DF506563290E9675000AF289 /* Solution.swift in Sources */,
				DF506550290E9607000AF289 /* ViewController.swift in Sources */,
				DF506556290E9607000AF289 /* Exitek_iOS_Developer_Tech_Task.xcdatamodeld in Sources */,
				DF50654C290E9607000AF289 /* AppDelegate.swift in Sources */,
				DF50654E290E9607000AF289 /* SceneDelegate.swift in Sources */,
			);
			runOnlyForDeploymentPostprocessing = 0;
		};
/* End PBXSourcesBuildPhase section */

/* Begin PBXVariantGroup section */
		DF506551290E9607000AF289 /* Main.storyboard */ = {
			isa = PBXVariantGroup;
			children = (
				DF506552290E9607000AF289 /* Base */,
			);
			name = Main.storyboard;
			sourceTree = "<group>";
		};
		DF506559290E9608000AF289 /* LaunchScreen.storyboard */ = {
			isa = PBXVariantGroup;
			children = (
				DF50655A290E9608000AF289 /* Base */,
			);
			name = LaunchScreen.storyboard;
			sourceTree = "<group>";
		};
/* End PBXVariantGroup section */

/* Begin XCBuildConfiguration section */
		DF50655D290E9608000AF289 /* Debug */ = {
			isa = XCBuildConfiguration;
			buildSettings = {
				ALWAYS_SEARCH_USER_PATHS = NO;
				CLANG_ANALYZER_NONNULL = YES;
				CLANG_ANALYZER_NUMBER_OBJECT_CONVERSION = YES_AGGRESSIVE;
				CLANG_CXX_LANGUAGE_STANDARD = "gnu++20";
				CLANG_ENABLE_MODULES = YES;
				CLANG_ENABLE_OBJC_ARC = YES;
				CLANG_ENABLE_OBJC_WEAK = YES;
				CLANG_WARN_BLOCK_CAPTURE_AUTORELEASING = YES;
				CLANG_WARN_BOOL_CONVERSION = YES;
				CLANG_WARN_COMMA = YES;
				CLANG_WARN_CONSTANT_CONVERSION = YES;
				CLANG_WARN_DEPRECATED_OBJC_IMPLEMENTATIONS = YES;
				CLANG_WARN_DIRECT_OBJC_ISA_USAGE = YES_ERROR;
				CLANG_WARN_DOCUMENTATION_COMMENTS = YES;
				CLANG_WARN_EMPTY_BODY = YES;
				CLANG_WARN_ENUM_CONVERSION = YES;
				CLANG_WARN_INFINITE_RECURSION = YES;
				CLANG_WARN_INT_CONVERSION = YES;
				CLANG_WARN_NON_LITERAL_NULL_CONVERSION = YES;
				CLANG_WARN_OBJC_IMPLICIT_RETAIN_SELF = YES;
				CLANG_WARN_OBJC_LITERAL_CONVERSION = YES;
				CLANG_WARN_OBJC_ROOT_CLASS = YES_ERROR;
				CLANG_WARN_QUOTED_INCLUDE_IN_FRAMEWORK_HEADER = YES;
				CLANG_WARN_RANGE_LOOP_ANALYSIS = YES;
				CLANG_WARN_STRICT_PROTOTYPES = YES;
				CLANG_WARN_SUSPICIOUS_MOVE = YES;
				CLANG_WARN_UNGUARDED_AVAILABILITY = YES_AGGRESSIVE;
				CLANG_WARN_UNREACHABLE_CODE = YES;
				CLANG_WARN__DUPLICATE_METHOD_MATCH = YES;
				COPY_PHASE_STRIP = NO;
				DEBUG_INFORMATION_FORMAT = dwarf;
				ENABLE_STRICT_OBJC_MSGSEND = YES;
				ENABLE_TESTABILITY = YES;
				GCC_C_LANGUAGE_STANDARD = gnu11;
				GCC_DYNAMIC_NO_PIC = NO;
				GCC_NO_COMMON_BLOCKS = YES;
				GCC_OPTIMIZATION_LEVEL = 0;
				GCC_PREPROCESSOR_DEFINITIONS = (
					"DEBUG=1",
					"$(inherited)",
				);
				GCC_WARN_64_TO_32_BIT_CONVERSION = YES;
				GCC_WARN_ABOUT_RETURN_TYPE = YES_ERROR;
				GCC_WARN_UNDECLARED_SELECTOR = YES;
				GCC_WARN_UNINITIALIZED_AUTOS = YES_AGGRESSIVE;
				GCC_WARN_UNUSED_FUNCTION = YES;
				GCC_WARN_UNUSED_VARIABLE = YES;
				IPHONEOS_DEPLOYMENT_TARGET = 16.0;
				MTL_ENABLE_DEBUG_INFO = INCLUDE_SOURCE;
				MTL_FAST_MATH = YES;
				ONLY_ACTIVE_ARCH = YES;
				SDKROOT = iphoneos;
				SWIFT_ACTIVE_COMPILATION_CONDITIONS = DEBUG;
				SWIFT_OPTIMIZATION_LEVEL = "-Onone";
			};
			name = Debug;
		};
		DF50655E290E9608000AF289 /* Release */ = {
			isa = XCBuildConfiguration;
			buildSettings = {
				ALWAYS_SEARCH_USER_PATHS = NO;
				CLANG_ANALYZER_NONNULL = YES;
				CLANG_ANALYZER_NUMBER_OBJECT_CONVERSION = YES_AGGRESSIVE;
				CLANG_CXX_LANGUAGE_STANDARD = "gnu++20";
				CLANG_ENABLE_MODULES = YES;
				CLANG_ENABLE_OBJC_ARC = YES;
				CLANG_ENABLE_OBJC_WEAK = YES;
				CLANG_WARN_BLOCK_CAPTURE_AUTORELEASING = YES;
				CLANG_WARN_BOOL_CONVERSION = YES;
				CLANG_WARN_COMMA = YES;
				CLANG_WARN_CONSTANT_CONVERSION = YES;
				CLANG_WARN_DEPRECATED_OBJC_IMPLEMENTATIONS = YES;
				CLANG_WARN_DIRECT_OBJC_ISA_USAGE = YES_ERROR;
				CLANG_WARN_DOCUMENTATION_COMMENTS = YES;
				CLANG_WARN_EMPTY_BODY = YES;
				CLANG_WARN_ENUM_CONVERSION = YES;
				CLANG_WARN_INFINITE_RECURSION = YES;
				CLANG_WARN_INT_CONVERSION = YES;
				CLANG_WARN_NON_LITERAL_NULL_CONVERSION = YES;
				CLANG_WARN_OBJC_IMPLICIT_RETAIN_SELF = YES;
				CLANG_WARN_OBJC_LITERAL_CONVERSION = YES;
				CLANG_WARN_OBJC_ROOT_CLASS = YES_ERROR;
				CLANG_WARN_QUOTED_INCLUDE_IN_FRAMEWORK_HEADER = YES;
				CLANG_WARN_RANGE_LOOP_ANALYSIS = YES;
				CLANG_WARN_STRICT_PROTOTYPES = YES;
				CLANG_WARN_SUSPICIOUS_MOVE = YES;
				CLANG_WARN_UNGUARDED_AVAILABILITY = YES_AGGRESSIVE;
				CLANG_WARN_UNREACHABLE_CODE = YES;
				CLANG_WARN__DUPLICATE_METHOD_MATCH = YES;
				COPY_PHASE_STRIP = NO;
				DEBUG_INFORMATION_FORMAT = "dwarf-with-dsym";
				ENABLE_NS_ASSERTIONS = NO;
				ENABLE_STRICT_OBJC_MSGSEND = YES;
				GCC_C_LANGUAGE_STANDARD = gnu11;
				GCC_NO_COMMON_BLOCKS = YES;
				GCC_WARN_64_TO_32_BIT_CONVERSION = YES;
				GCC_WARN_ABOUT_RETURN_TYPE = YES_ERROR;
				GCC_WARN_UNDECLARED_SELECTOR = YES;
				GCC_WARN_UNINITIALIZED_AUTOS = YES_AGGRESSIVE;
				GCC_WARN_UNUSED_FUNCTION = YES;
				GCC_WARN_UNUSED_VARIABLE = YES;
				IPHONEOS_DEPLOYMENT_TARGET = 16.0;
				MTL_ENABLE_DEBUG_INFO = NO;
				MTL_FAST_MATH = YES;
				SDKROOT = iphoneos;
				SWIFT_COMPILATION_MODE = wholemodule;
				SWIFT_OPTIMIZATION_LEVEL = "-O";
				VALIDATE_PRODUCT = YES;
			};
			name = Release;
		};
		DF506560290E9608000AF289 /* Debug */ = {
			isa = XCBuildConfiguration;
			buildSettings = {
				ASSETCATALOG_COMPILER_APPICON_NAME = AppIcon;
				ASSETCATALOG_COMPILER_GLOBAL_ACCENT_COLOR_NAME = AccentColor;
				CODE_SIGN_STYLE = Automatic;
				CURRENT_PROJECT_VERSION = 1;
				DEVELOPMENT_TEAM = 2P5CP9V8YJ;
				GENERATE_INFOPLIST_FILE = YES;
				INFOPLIST_FILE = "Exitek iOS Developer Tech Task/Info.plist";
				INFOPLIST_KEY_UIApplicationSupportsIndirectInputEvents = YES;
				INFOPLIST_KEY_UILaunchStoryboardName = LaunchScreen;
				INFOPLIST_KEY_UIMainStoryboardFile = Main;
				INFOPLIST_KEY_UISupportedInterfaceOrientations_iPad = "UIInterfaceOrientationPortrait UIInterfaceOrientationPortraitUpsideDown UIInterfaceOrientationLandscapeLeft UIInterfaceOrientationLandscapeRight";
				INFOPLIST_KEY_UISupportedInterfaceOrientations_iPhone = "UIInterfaceOrientationPortrait UIInterfaceOrientationLandscapeLeft UIInterfaceOrientationLandscapeRight";
				LD_RUNPATH_SEARCH_PATHS = (
					"$(inherited)",
					"@executable_path/Frameworks",
				);
				MARKETING_VERSION = 1.0;
				PRODUCT_BUNDLE_IDENTIFIER = "com.V6.Exitek-iOS-Developer-Tech-Task";
				PRODUCT_NAME = "$(TARGET_NAME)";
				SWIFT_EMIT_LOC_STRINGS = YES;
				SWIFT_VERSION = 5.0;
				TARGETED_DEVICE_FAMILY = "1,2";
			};
			name = Debug;
		};
		DF506561290E9608000AF289 /* Release */ = {
			isa = XCBuildConfiguration;
			buildSettings = {
				ASSETCATALOG_COMPILER_APPICON_NAME = AppIcon;
				ASSETCATALOG_COMPILER_GLOBAL_ACCENT_COLOR_NAME = AccentColor;
				CODE_SIGN_STYLE = Automatic;
				CURRENT_PROJECT_VERSION = 1;
				DEVELOPMENT_TEAM = 2P5CP9V8YJ;
				GENERATE_INFOPLIST_FILE = YES;
				INFOPLIST_FILE = "Exitek iOS Developer Tech Task/Info.plist";
				INFOPLIST_KEY_UIApplicationSupportsIndirectInputEvents = YES;
				INFOPLIST_KEY_UILaunchStoryboardName = LaunchScreen;
				INFOPLIST_KEY_UIMainStoryboardFile = Main;
				INFOPLIST_KEY_UISupportedInterfaceOrientations_iPad = "UIInterfaceOrientationPortrait UIInterfaceOrientationPortraitUpsideDown UIInterfaceOrientationLandscapeLeft UIInterfaceOrientationLandscapeRight";
				INFOPLIST_KEY_UISupportedInterfaceOrientations_iPhone = "UIInterfaceOrientationPortrait UIInterfaceOrientationLandscapeLeft UIInterfaceOrientationLandscapeRight";
				LD_RUNPATH_SEARCH_PATHS = (
					"$(inherited)",
					"@executable_path/Frameworks",
				);
				MARKETING_VERSION = 1.0;
				PRODUCT_BUNDLE_IDENTIFIER = "com.V6.Exitek-iOS-Developer-Tech-Task";
				PRODUCT_NAME = "$(TARGET_NAME)";
				SWIFT_EMIT_LOC_STRINGS = YES;
				SWIFT_VERSION = 5.0;
				TARGETED_DEVICE_FAMILY = "1,2";
			};
			name = Release;
		};
/* End XCBuildConfiguration section */

/* Begin XCConfigurationList section */
		DF506543290E9607000AF289 /* Build configuration list for PBXProject "Exitek iOS Developer Tech Task" */ = {
			isa = XCConfigurationList;
			buildConfigurations = (
				DF50655D290E9608000AF289 /* Debug */,
				DF50655E290E9608000AF289 /* Release */,
			);
			defaultConfigurationIsVisible = 0;
			defaultConfigurationName = Release;
		};
		DF50655F290E9608000AF289 /* Build configuration list for PBXNativeTarget "Exitek iOS Developer Tech Task" */ = {
			isa = XCConfigurationList;
			buildConfigurations = (
				DF506560290E9608000AF289 /* Debug */,
				DF506561290E9608000AF289 /* Release */,
			);
			defaultConfigurationIsVisible = 0;
			defaultConfigurationName = Release;
		};
/* End XCConfigurationList section */

/* Begin XCVersionGroup section */
		DF506554290E9607000AF289 /* Exitek_iOS_Developer_Tech_Task.xcdatamodeld */ = {
			isa = XCVersionGroup;
			children = (
				DF506555290E9607000AF289 /* Exitek_iOS_Developer_Tech_Task.xcdatamodel */,
			);
			currentVersion = DF506555290E9607000AF289 /* Exitek_iOS_Developer_Tech_Task.xcdatamodel */;
			path = Exitek_iOS_Developer_Tech_Task.xcdatamodeld;
			sourceTree = "<group>";
			versionGroupType = wrapper.xcdatamodel;
		};
/* End XCVersionGroup section */
	};
	rootObject = DF506540290E9607000AF289 /* Project object */;
}
